// !$*UTF8*$!
{
	archiveVersion = 1;
	classes = {
	};
	objectVersion = 55;
	objects = {

/* Begin PBXBuildFile section */
		BD5516C1288841C2003BC245 /* SecondViewController.swift in Sources */ = {isa = PBXBuildFile; fileRef = BD5516C0288841C2003BC245 /* SecondViewController.swift */; };
		BDB501232886E292009F5ACF /* AppDelegate.swift in Sources */ = {isa = PBXBuildFile; fileRef = BDB501222886E292009F5ACF /* AppDelegate.swift */; };
		BDB501252886E292009F5ACF /* SceneDelegate.swift in Sources */ = {isa = PBXBuildFile; fileRef = BDB501242886E292009F5ACF /* SceneDelegate.swift */; };
		BDB501272886E292009F5ACF /* ViewController.swift in Sources */ = {isa = PBXBuildFile; fileRef = BDB501262886E292009F5ACF /* ViewController.swift */; };
		BDB5012A2886E292009F5ACF /* Main.storyboard in Resources */ = {isa = PBXBuildFile; fileRef = BDB501282886E292009F5ACF /* Main.storyboard */; };
		BDB5012C2886E293009F5ACF /* Assets.xcassets in Resources */ = {isa = PBXBuildFile; fileRef = BDB5012B2886E293009F5ACF /* Assets.xcassets */; };
		BDB5012F2886E293009F5ACF /* LaunchScreen.storyboard in Resources */ = {isa = PBXBuildFile; fileRef = BDB5012D2886E293009F5ACF /* LaunchScreen.storyboard */; };
		BDB5013A2886E293009F5ACF /* PhotoframeTests.swift in Sources */ = {isa = PBXBuildFile; fileRef = BDB501392886E293009F5ACF /* PhotoframeTests.swift */; };
		BDB501442886E293009F5ACF /* PhotoframeUITests.swift in Sources */ = {isa = PBXBuildFile; fileRef = BDB501432886E293009F5ACF /* PhotoframeUITests.swift */; };
		BDB501462886E293009F5ACF /* PhotoframeUITestsLaunchTests.swift in Sources */ = {isa = PBXBuildFile; fileRef = BDB501452886E293009F5ACF /* PhotoframeUITestsLaunchTests.swift */; };
/* End PBXBuildFile section */

/* Begin PBXContainerItemProxy section */
		BDB501362886E293009F5ACF /* PBXContainerItemProxy */ = {
			isa = PBXContainerItemProxy;
			containerPortal = BDB501172886E292009F5ACF /* Project object */;
			proxyType = 1;
			remoteGlobalIDString = BDB5011E2886E292009F5ACF;
			remoteInfo = Photoframe;
		};
		BDB501402886E293009F5ACF /* PBXContainerItemProxy */ = {
			isa = PBXContainerItemProxy;
			containerPortal = BDB501172886E292009F5ACF /* Project object */;
			proxyType = 1;
			remoteGlobalIDString = BDB5011E2886E292009F5ACF;
			remoteInfo = Photoframe;
		};
/* End PBXContainerItemProxy section */

/* Begin PBXFileReference section */
		BD5516C0288841C2003BC245 /* SecondViewController.swift */ = {isa = PBXFileReference; lastKnownFileType = sourcecode.swift; path = SecondViewController.swift; sourceTree = "<group>"; };
		BDB5011F2886E292009F5ACF /* Photoframe.app */ = {isa = PBXFileReference; explicitFileType = wrapper.application; includeInIndex = 0; path = Photoframe.app; sourceTree = BUILT_PRODUCTS_DIR; };
		BDB501222886E292009F5ACF /* AppDelegate.swift */ = {isa = PBXFileReference; lastKnownFileType = sourcecode.swift; path = AppDelegate.swift; sourceTree = "<group>"; };
		BDB501242886E292009F5ACF /* SceneDelegate.swift */ = {isa = PBXFileReference; lastKnownFileType = sourcecode.swift; path = SceneDelegate.swift; sourceTree = "<group>"; };
		BDB501262886E292009F5ACF /* ViewController.swift */ = {isa = PBXFileReference; lastKnownFileType = sourcecode.swift; path = ViewController.swift; sourceTree = "<group>"; };
		BDB501292886E292009F5ACF /* Base */ = {isa = PBXFileReference; lastKnownFileType = file.storyboard; name = Base; path = Base.lproj/Main.storyboard; sourceTree = "<group>"; };
		BDB5012B2886E293009F5ACF /* Assets.xcassets */ = {isa = PBXFileReference; lastKnownFileType = folder.assetcatalog; path = Assets.xcassets; sourceTree = "<group>"; };
		BDB5012E2886E293009F5ACF /* Base */ = {isa = PBXFileReference; lastKnownFileType = file.storyboard; name = Base; path = Base.lproj/LaunchScreen.storyboard; sourceTree = "<group>"; };
		BDB501302886E293009F5ACF /* Info.plist */ = {isa = PBXFileReference; lastKnownFileType = text.plist.xml; path = Info.plist; sourceTree = "<group>"; };
		BDB501352886E293009F5ACF /* PhotoframeTests.xctest */ = {isa = PBXFileReference; explicitFileType = wrapper.cfbundle; includeInIndex = 0; path = PhotoframeTests.xctest; sourceTree = BUILT_PRODUCTS_DIR; };
		BDB501392886E293009F5ACF /* PhotoframeTests.swift */ = {isa = PBXFileReference; lastKnownFileType = sourcecode.swift; path = PhotoframeTests.swift; sourceTree = "<group>"; };
		BDB5013F2886E293009F5ACF /* PhotoframeUITests.xctest */ = {isa = PBXFileReference; explicitFileType = wrapper.cfbundle; includeInIndex = 0; path = PhotoframeUITests.xctest; sourceTree = BUILT_PRODUCTS_DIR; };
		BDB501432886E293009F5ACF /* PhotoframeUITests.swift */ = {isa = PBXFileReference; lastKnownFileType = sourcecode.swift; path = PhotoframeUITests.swift; sourceTree = "<group>"; };
		BDB501452886E293009F5ACF /* PhotoframeUITestsLaunchTests.swift */ = {isa = PBXFileReference; lastKnownFileType = sourcecode.swift; path = PhotoframeUITestsLaunchTests.swift; sourceTree = "<group>"; };
/* End PBXFileReference section */

/* Begin PBXFrameworksBuildPhase section */
		BDB5011C2886E292009F5ACF /* Frameworks */ = {
			isa = PBXFrameworksBuildPhase;
			buildActionMask = 2147483647;
			files = (
			);
			runOnlyForDeploymentPostprocessing = 0;
		};
		BDB501322886E293009F5ACF /* Frameworks */ = {
			isa = PBXFrameworksBuildPhase;
			buildActionMask = 2147483647;
			files = (
			);
			runOnlyForDeploymentPostprocessing = 0;
		};
		BDB5013C2886E293009F5ACF /* Frameworks */ = {
			isa = PBXFrameworksBuildPhase;
			buildActionMask = 2147483647;
			files = (
			);
			runOnlyForDeploymentPostprocessing = 0;
		};
/* End PBXFrameworksBuildPhase section */

/* Begin PBXGroup section */
		BDB501162886E292009F5ACF = {
			isa = PBXGroup;
			children = (
				BDB501212886E292009F5ACF /* Photoframe */,
				BDB501382886E293009F5ACF /* PhotoframeTests */,
				BDB501422886E293009F5ACF /* PhotoframeUITests */,
				BDB501202886E292009F5ACF /* Products */,
			);
			sourceTree = "<group>";
		};
		BDB501202886E292009F5ACF /* Products */ = {
			isa = PBXGroup;
			children = (
				BDB5011F2886E292009F5ACF /* Photoframe.app */,
				BDB501352886E293009F5ACF /* PhotoframeTests.xctest */,
				BDB5013F2886E293009F5ACF /* PhotoframeUITests.xctest */,
			);
			name = Products;
			sourceTree = "<group>";
		};
		BDB501212886E292009F5ACF /* Photoframe */ = {
			isa = PBXGroup;
			children = (
				BDB501222886E292009F5ACF /* AppDelegate.swift */,
				BDB501242886E292009F5ACF /* SceneDelegate.swift */,
				BDB501262886E292009F5ACF /* ViewController.swift */,
				BDB501282886E292009F5ACF /* Main.storyboard */,
				BDB5012B2886E293009F5ACF /* Assets.xcassets */,
				BDB5012D2886E293009F5ACF /* LaunchScreen.storyboard */,
				BDB501302886E293009F5ACF /* Info.plist */,
				BD5516C0288841C2003BC245 /* SecondViewController.swift */,
			);
			path = Photoframe;
			sourceTree = "<group>";
		};
		BDB501382886E293009F5ACF /* PhotoframeTests */ = {
			isa = PBXGroup;
			children = (
				BDB501392886E293009F5ACF /* PhotoframeTests.swift */,
			);
			path = PhotoframeTests;
			sourceTree = "<group>";
		};
		BDB501422886E293009F5ACF /* PhotoframeUITests */ = {
			isa = PBXGroup;
			children = (
				BDB501432886E293009F5ACF /* PhotoframeUITests.swift */,
				BDB501452886E293009F5ACF /* PhotoframeUITestsLaunchTests.swift */,
			);
			path = PhotoframeUITests;
			sourceTree = "<group>";
		};
/* End PBXGroup section */

/* Begin PBXNativeTarget section */
		BDB5011E2886E292009F5ACF /* Photoframe */ = {
			isa = PBXNativeTarget;
			buildConfigurationList = BDB501492886E293009F5ACF /* Build configuration list for PBXNativeTarget "Photoframe" */;
			buildPhases = (
				BDB5011B2886E292009F5ACF /* Sources */,
				BDB5011C2886E292009F5ACF /* Frameworks */,
				BDB5011D2886E292009F5ACF /* Resources */,
			);
			buildRules = (
			);
			dependencies = (
			);
			name = Photoframe;
			productName = Photoframe;
			productReference = BDB5011F2886E292009F5ACF /* Photoframe.app */;
			productType = "com.apple.product-type.application";
		};
		BDB501342886E293009F5ACF /* PhotoframeTests */ = {
			isa = PBXNativeTarget;
			buildConfigurationList = BDB5014C2886E293009F5ACF /* Build configuration list for PBXNativeTarget "PhotoframeTests" */;
			buildPhases = (
				BDB501312886E293009F5ACF /* Sources */,
				BDB501322886E293009F5ACF /* Frameworks */,
				BDB501332886E293009F5ACF /* Resources */,
			);
			buildRules = (
			);
			dependencies = (
				BDB501372886E293009F5ACF /* PBXTargetDependency */,
			);
			name = PhotoframeTests;
			productName = PhotoframeTests;
			productReference = BDB501352886E293009F5ACF /* PhotoframeTests.xctest */;
			productType = "com.apple.product-type.bundle.unit-test";
		};
		BDB5013E2886E293009F5ACF /* PhotoframeUITests */ = {
			isa = PBXNativeTarget;
			buildConfigurationList = BDB5014F2886E293009F5ACF /* Build configuration list for PBXNativeTarget "PhotoframeUITests" */;
			buildPhases = (
				BDB5013B2886E293009F5ACF /* Sources */,
				BDB5013C2886E293009F5ACF /* Frameworks */,
				BDB5013D2886E293009F5ACF /* Resources */,
			);
			buildRules = (
			);
			dependencies = (
				BDB501412886E293009F5ACF /* PBXTargetDependency */,
			);
			name = PhotoframeUITests;
			productName = PhotoframeUITests;
			productReference = BDB5013F2886E293009F5ACF /* PhotoframeUITests.xctest */;
			productType = "com.apple.product-type.bundle.ui-testing";
		};
/* End PBXNativeTarget section */

/* Begin PBXProject section */
		BDB501172886E292009F5ACF /* Project object */ = {
			isa = PBXProject;
			attributes = {
				BuildIndependentTargetsInParallel = 1;
				LastSwiftUpdateCheck = 1340;
				LastUpgradeCheck = 1340;
				TargetAttributes = {
					BDB5011E2886E292009F5ACF = {
						CreatedOnToolsVersion = 13.4.1;
					};
					BDB501342886E293009F5ACF = {
						CreatedOnToolsVersion = 13.4.1;
						TestTargetID = BDB5011E2886E292009F5ACF;
					};
					BDB5013E2886E293009F5ACF = {
						CreatedOnToolsVersion = 13.4.1;
						TestTargetID = BDB5011E2886E292009F5ACF;
					};
				};
			};
			buildConfigurationList = BDB5011A2886E292009F5ACF /* Build configuration list for PBXProject "Photoframe" */;
			compatibilityVersion = "Xcode 13.0";
			developmentRegion = en;
			hasScannedForEncodings = 0;
			knownRegions = (
				en,
				Base,
			);
			mainGroup = BDB501162886E292009F5ACF;
			productRefGroup = BDB501202886E292009F5ACF /* Products */;
			projectDirPath = "";
			projectRoot = "";
			targets = (
				BDB5011E2886E292009F5ACF /* Photoframe */,
				BDB501342886E293009F5ACF /* PhotoframeTests */,
				BDB5013E2886E293009F5ACF /* PhotoframeUITests */,
			);
		};
/* End PBXProject section */

/* Begin PBXResourcesBuildPhase section */
		BDB5011D2886E292009F5ACF /* Resources */ = {
			isa = PBXResourcesBuildPhase;
			buildActionMask = 2147483647;
			files = (
				BDB5012F2886E293009F5ACF /* LaunchScreen.storyboard in Resources */,
				BDB5012C2886E293009F5ACF /* Assets.xcassets in Resources */,
				BDB5012A2886E292009F5ACF /* Main.storyboard in Resources */,
			);
			runOnlyForDeploymentPostprocessing = 0;
		};
		BDB501332886E293009F5ACF /* Resources */ = {
			isa = PBXResourcesBuildPhase;
			buildActionMask = 2147483647;
			files = (
			);
			runOnlyForDeploymentPostprocessing = 0;
		};
		BDB5013D2886E293009F5ACF /* Resources */ = {
			isa = PBXResourcesBuildPhase;
			buildActionMask = 2147483647;
			files = (
			);
			runOnlyForDeploymentPostprocessing = 0;
		};
/* End PBXResourcesBuildPhase section */

/* Begin PBXSourcesBuildPhase section */
		BDB5011B2886E292009F5ACF /* Sources */ = {
			isa = PBXSourcesBuildPhase;
			buildActionMask = 2147483647;
			files = (
				BD5516C1288841C2003BC245 /* SecondViewController.swift in Sources */,
				BDB501272886E292009F5ACF /* ViewController.swift in Sources */,
				BDB501232886E292009F5ACF /* AppDelegate.swift in Sources */,
				BDB501252886E292009F5ACF /* SceneDelegate.swift in Sources */,
			);
			runOnlyForDeploymentPostprocessing = 0;
		};
		BDB501312886E293009F5ACF /* Sources */ = {
			isa = PBXSourcesBuildPhase;
			buildActionMask = 2147483647;
			files = (
				BDB5013A2886E293009F5ACF /* PhotoframeTests.swift in Sources */,
			);
			runOnlyForDeploymentPostprocessing = 0;
		};
		BDB5013B2886E293009F5ACF /* Sources */ = {
			isa = PBXSourcesBuildPhase;
			buildActionMask = 2147483647;
			files = (
				BDB501442886E293009F5ACF /* PhotoframeUITests.swift in Sources */,
				BDB501462886E293009F5ACF /* PhotoframeUITestsLaunchTests.swift in Sources */,
			);
			runOnlyForDeploymentPostprocessing = 0;
		};
/* End PBXSourcesBuildPhase section */

/* Begin PBXTargetDependency section */
		BDB501372886E293009F5ACF /* PBXTargetDependency */ = {
			isa = PBXTargetDependency;
			target = BDB5011E2886E292009F5ACF /* Photoframe */;
			targetProxy = BDB501362886E293009F5ACF /* PBXContainerItemProxy */;
		};
		BDB501412886E293009F5ACF /* PBXTargetDependency */ = {
			isa = PBXTargetDependency;
			target = BDB5011E2886E292009F5ACF /* Photoframe */;
			targetProxy = BDB501402886E293009F5ACF /* PBXContainerItemProxy */;
		};
/* End PBXTargetDependency section */

/* Begin PBXVariantGroup section */
		BDB501282886E292009F5ACF /* Main.storyboard */ = {
			isa = PBXVariantGroup;
			children = (
				BDB501292886E292009F5ACF /* Base */,
			);
			name = Main.storyboard;
			sourceTree = "<group>";
		};
		BDB5012D2886E293009F5ACF /* LaunchScreen.storyboard */ = {
			isa = PBXVariantGroup;
			children = (
				BDB5012E2886E293009F5ACF /* Base */,
			);
			name = LaunchScreen.storyboard;
			sourceTree = "<group>";
		};
/* End PBXVariantGroup section */

/* Begin XCBuildConfiguration section */
		BDB501472886E293009F5ACF /* Debug */ = {
			isa = XCBuildConfiguration;
			buildSettings = {
				ALWAYS_SEARCH_USER_PATHS = NO;
				CLANG_ANALYZER_NONNULL = YES;
				CLANG_ANALYZER_NUMBER_OBJECT_CONVERSION = YES_AGGRESSIVE;
				CLANG_CXX_LANGUAGE_STANDARD = "gnu++17";
				CLANG_ENABLE_MODULES = YES;
				CLANG_ENABLE_OBJC_ARC = YES;
				CLANG_ENABLE_OBJC_WEAK = YES;
				CLANG_WARN_BLOCK_CAPTURE_AUTORELEASING = YES;
				CLANG_WARN_BOOL_CONVERSION = YES;
				CLANG_WARN_COMMA = YES;
				CLANG_WARN_CONSTANT_CONVERSION = YES;
				CLANG_WARN_DEPRECATED_OBJC_IMPLEMENTATIONS = YES;
				CLANG_WARN_DIRECT_OBJC_ISA_USAGE = YES_ERROR;
				CLANG_WARN_DOCUMENTATION_COMMENTS = YES;
				CLANG_WARN_EMPTY_BODY = YES;
				CLANG_WARN_ENUM_CONVERSION = YES;
				CLANG_WARN_INFINITE_RECURSION = YES;
				CLANG_WARN_INT_CONVERSION = YES;
				CLANG_WARN_NON_LITERAL_NULL_CONVERSION = YES;
				CLANG_WARN_OBJC_IMPLICIT_RETAIN_SELF = YES;
				CLANG_WARN_OBJC_LITERAL_CONVERSION = YES;
				CLANG_WARN_OBJC_ROOT_CLASS = YES_ERROR;
				CLANG_WARN_QUOTED_INCLUDE_IN_FRAMEWORK_HEADER = YES;
				CLANG_WARN_RANGE_LOOP_ANALYSIS = YES;
				CLANG_WARN_STRICT_PROTOTYPES = YES;
				CLANG_WARN_SUSPICIOUS_MOVE = YES;
				CLANG_WARN_UNGUARDED_AVAILABILITY = YES_AGGRESSIVE;
				CLANG_WARN_UNREACHABLE_CODE = YES;
				CLANG_WARN__DUPLICATE_METHOD_MATCH = YES;
				COPY_PHASE_STRIP = NO;
				DEBUG_INFORMATION_FORMAT = dwarf;
				ENABLE_STRICT_OBJC_MSGSEND = YES;
				ENABLE_TESTABILITY = YES;
				GCC_C_LANGUAGE_STANDARD = gnu11;
				GCC_DYNAMIC_NO_PIC = NO;
				GCC_NO_COMMON_BLOCKS = YES;
				GCC_OPTIMIZATION_LEVEL = 0;
				GCC_PREPROCESSOR_DEFINITIONS = (
					"DEBUG=1",
					"$(inherited)",
				);
				GCC_WARN_64_TO_32_BIT_CONVERSION = YES;
				GCC_WARN_ABOUT_RETURN_TYPE = YES_ERROR;
				GCC_WARN_UNDECLARED_SELECTOR = YES;
				GCC_WARN_UNINITIALIZED_AUTOS = YES_AGGRESSIVE;
				GCC_WARN_UNUSED_FUNCTION = YES;
				GCC_WARN_UNUSED_VARIABLE = YES;
				IPHONEOS_DEPLOYMENT_TARGET = 15.5;
				MTL_ENABLE_DEBUG_INFO = INCLUDE_SOURCE;
				MTL_FAST_MATH = YES;
				ONLY_ACTIVE_ARCH = YES;
				SDKROOT = iphoneos;
				SWIFT_ACTIVE_COMPILATION_CONDITIONS = DEBUG;
				SWIFT_OPTIMIZATION_LEVEL = "-Onone";
			};
			name = Debug;
		};
		BDB501482886E293009F5ACF /* Release */ = {
			isa = XCBuildConfiguration;
			buildSettings = {
				ALWAYS_SEARCH_USER_PATHS = NO;
				CLANG_ANALYZER_NONNULL = YES;
				CLANG_ANALYZER_NUMBER_OBJECT_CONVERSION = YES_AGGRESSIVE;
				CLANG_CXX_LANGUAGE_STANDARD = "gnu++17";
				CLANG_ENABLE_MODULES = YES;
				CLANG_ENABLE_OBJC_ARC = YES;
				CLANG_ENABLE_OBJC_WEAK = YES;
				CLANG_WARN_BLOCK_CAPTURE_AUTORELEASING = YES;
				CLANG_WARN_BOOL_CONVERSION = YES;
				CLANG_WARN_COMMA = YES;
				CLANG_WARN_CONSTANT_CONVERSION = YES;
				CLANG_WARN_DEPRECATED_OBJC_IMPLEMENTATIONS = YES;
				CLANG_WARN_DIRECT_OBJC_ISA_USAGE = YES_ERROR;
				CLANG_WARN_DOCUMENTATION_COMMENTS = YES;
				CLANG_WARN_EMPTY_BODY = YES;
				CLANG_WARN_ENUM_CONVERSION = YES;
				CLANG_WARN_INFINITE_RECURSION = YES;
				CLANG_WARN_INT_CONVERSION = YES;
				CLANG_WARN_NON_LITERAL_NULL_CONVERSION = YES;
				CLANG_WARN_OBJC_IMPLICIT_RETAIN_SELF = YES;
				CLANG_WARN_OBJC_LITERAL_CONVERSION = YES;
				CLANG_WARN_OBJC_ROOT_CLASS = YES_ERROR;
				CLANG_WARN_QUOTED_INCLUDE_IN_FRAMEWORK_HEADER = YES;
				CLANG_WARN_RANGE_LOOP_ANALYSIS = YES;
				CLANG_WARN_STRICT_PROTOTYPES = YES;
				CLANG_WARN_SUSPICIOUS_MOVE = YES;
				CLANG_WARN_UNGUARDED_AVAILABILITY = YES_AGGRESSIVE;
				CLANG_WARN_UNREACHABLE_CODE = YES;
				CLANG_WARN__DUPLICATE_METHOD_MATCH = YES;
				COPY_PHASE_STRIP = NO;
				DEBUG_INFORMATION_FORMAT = "dwarf-with-dsym";
				ENABLE_NS_ASSERTIONS = NO;
				ENABLE_STRICT_OBJC_MSGSEND = YES;
				GCC_C_LANGUAGE_STANDARD = gnu11;
				GCC_NO_COMMON_BLOCKS = YES;
				GCC_WARN_64_TO_32_BIT_CONVERSION = YES;
				GCC_WARN_ABOUT_RETURN_TYPE = YES_ERROR;
				GCC_WARN_UNDECLARED_SELECTOR = YES;
				GCC_WARN_UNINITIALIZED_AUTOS = YES_AGGRESSIVE;
				GCC_WARN_UNUSED_FUNCTION = YES;
				GCC_WARN_UNUSED_VARIABLE = YES;
				IPHONEOS_DEPLOYMENT_TARGET = 15.5;
				MTL_ENABLE_DEBUG_INFO = NO;
				MTL_FAST_MATH = YES;
				SDKROOT = iphoneos;
				SWIFT_COMPILATION_MODE = wholemodule;
				SWIFT_OPTIMIZATION_LEVEL = "-O";
				VALIDATE_PRODUCT = YES;
			};
			name = Release;
		};
		BDB5014A2886E293009F5ACF /* Debug */ = {
			isa = XCBuildConfiguration;
			buildSettings = {
				ASSETCATALOG_COMPILER_APPICON_NAME = AppIcon;
				ASSETCATALOG_COMPILER_GLOBAL_ACCENT_COLOR_NAME = AccentColor;
				CODE_SIGN_STYLE = Automatic;
				CURRENT_PROJECT_VERSION = 1;
				DEVELOPMENT_TEAM = ZM45857D4H;
				GENERATE_INFOPLIST_FILE = YES;
				INFOPLIST_FILE = Photoframe/Info.plist;
				INFOPLIST_KEY_UIApplicationSupportsIndirectInputEvents = YES;
				INFOPLIST_KEY_UILaunchStoryboardName = LaunchScreen;
				INFOPLIST_KEY_UIMainStoryboardFile = Main;
				INFOPLIST_KEY_UISupportedInterfaceOrientations_iPad = "UIInterfaceOrientationPortrait UIInterfaceOrientationPortraitUpsideDown UIInterfaceOrientationLandscapeLeft UIInterfaceOrientationLandscapeRight";
				INFOPLIST_KEY_UISupportedInterfaceOrientations_iPhone = "UIInterfaceOrientationPortrait UIInterfaceOrientationLandscapeLeft UIInterfaceOrientationLandscapeRight";
				LD_RUNPATH_SEARCH_PATHS = (
					"$(inherited)",
					"@executable_path/Frameworks",
				);
				MARKETING_VERSION = 1.0;
				PRODUCT_BUNDLE_IDENTIFIER = june.Photoframe;
				PRODUCT_NAME = "$(TARGET_NAME)";
				SWIFT_EMIT_LOC_STRINGS = YES;
				SWIFT_VERSION = 5.0;
				TARGETED_DEVICE_FAMILY = "1,2";
			};
			name = Debug;
		};
		BDB5014B2886E293009F5ACF /* Release */ = {
			isa = XCBuildConfiguration;
			buildSettings = {
				ASSETCATALOG_COMPILER_APPICON_NAME = AppIcon;
				ASSETCATALOG_COMPILER_GLOBAL_ACCENT_COLOR_NAME = AccentColor;
				CODE_SIGN_STYLE = Automatic;
				CURRENT_PROJECT_VERSION = 1;
				DEVELOPMENT_TEAM = ZM45857D4H;
				GENERATE_INFOPLIST_FILE = YES;
				INFOPLIST_FILE = Photoframe/Info.plist;
				INFOPLIST_KEY_UIApplicationSupportsIndirectInputEvents = YES;
				INFOPLIST_KEY_UILaunchStoryboardName = LaunchScreen;
				INFOPLIST_KEY_UIMainStoryboardFile = Main;
				INFOPLIST_KEY_UISupportedInterfaceOrientations_iPad = "UIInterfaceOrientationPortrait UIInterfaceOrientationPortraitUpsideDown UIInterfaceOrientationLandscapeLeft UIInterfaceOrientationLandscapeRight";
				INFOPLIST_KEY_UISupportedInterfaceOrientations_iPhone = "UIInterfaceOrientationPortrait UIInterfaceOrientationLandscapeLeft UIInterfaceOrientationLandscapeRight";
				LD_RUNPATH_SEARCH_PATHS = (
					"$(inherited)",
					"@executable_path/Frameworks",
				);
				MARKETING_VERSION = 1.0;
				PRODUCT_BUNDLE_IDENTIFIER = june.Photoframe;
				PRODUCT_NAME = "$(TARGET_NAME)";
				SWIFT_EMIT_LOC_STRINGS = YES;
				SWIFT_VERSION = 5.0;
				TARGETED_DEVICE_FAMILY = "1,2";
			};
			name = Release;
		};
		BDB5014D2886E293009F5ACF /* Debug */ = {
			isa = XCBuildConfiguration;
			buildSettings = {
				ALWAYS_EMBED_SWIFT_STANDARD_LIBRARIES = YES;
				BUNDLE_LOADER = "$(TEST_HOST)";
				CODE_SIGN_STYLE = Automatic;
				CURRENT_PROJECT_VERSION = 1;
				DEVELOPMENT_TEAM = ZM45857D4H;
				GENERATE_INFOPLIST_FILE = YES;
				IPHONEOS_DEPLOYMENT_TARGET = 15.5;
				MARKETING_VERSION = 1.0;
				PRODUCT_BUNDLE_IDENTIFIER = june.PhotoframeTests;
				PRODUCT_NAME = "$(TARGET_NAME)";
				SWIFT_EMIT_LOC_STRINGS = NO;
				SWIFT_VERSION = 5.0;
				TARGETED_DEVICE_FAMILY = "1,2";
				TEST_HOST = "$(BUILT_PRODUCTS_DIR)/Photoframe.app/Photoframe";
			};
			name = Debug;
		};
		BDB5014E2886E293009F5ACF /* Release */ = {
			isa = XCBuildConfiguration;
			buildSettings = {
				ALWAYS_EMBED_SWIFT_STANDARD_LIBRARIES = YES;
				BUNDLE_LOADER = "$(TEST_HOST)";
				CODE_SIGN_STYLE = Automatic;
				CURRENT_PROJECT_VERSION = 1;
				DEVELOPMENT_TEAM = ZM45857D4H;
				GENERATE_INFOPLIST_FILE = YES;
				IPHONEOS_DEPLOYMENT_TARGET = 15.5;
				MARKETING_VERSION = 1.0;
				PRODUCT_BUNDLE_IDENTIFIER = june.PhotoframeTests;
				PRODUCT_NAME = "$(TARGET_NAME)";
				SWIFT_EMIT_LOC_STRINGS = NO;
				SWIFT_VERSION = 5.0;
				TARGETED_DEVICE_FAMILY = "1,2";
				TEST_HOST = "$(BUILT_PRODUCTS_DIR)/Photoframe.app/Photoframe";
			};
			name = Release;
		};
		BDB501502886E293009F5ACF /* Debug */ = {
			isa = XCBuildConfiguration;
			buildSettings = {
				ALWAYS_EMBED_SWIFT_STANDARD_LIBRARIES = YES;
				CODE_SIGN_STYLE = Automatic;
				CURRENT_PROJECT_VERSION = 1;
				DEVELOPMENT_TEAM = ZM45857D4H;
				GENERATE_INFOPLIST_FILE = YES;
				MARKETING_VERSION = 1.0;
				PRODUCT_BUNDLE_IDENTIFIER = june.PhotoframeUITests;
				PRODUCT_NAME = "$(TARGET_NAME)";
				SWIFT_EMIT_LOC_STRINGS = NO;
				SWIFT_VERSION = 5.0;
				TARGETED_DEVICE_FAMILY = "1,2";
				TEST_TARGET_NAME = Photoframe;
			};
			name = Debug;
		};
		BDB501512886E293009F5ACF /* Release */ = {
			isa = XCBuildConfiguration;
			buildSettings = {
				ALWAYS_EMBED_SWIFT_STANDARD_LIBRARIES = YES;
				CODE_SIGN_STYLE = Automatic;
				CURRENT_PROJECT_VERSION = 1;
				DEVELOPMENT_TEAM = ZM45857D4H;
				GENERATE_INFOPLIST_FILE = YES;
				MARKETING_VERSION = 1.0;
				PRODUCT_BUNDLE_IDENTIFIER = june.PhotoframeUITests;
				PRODUCT_NAME = "$(TARGET_NAME)";
				SWIFT_EMIT_LOC_STRINGS = NO;
				SWIFT_VERSION = 5.0;
				TARGETED_DEVICE_FAMILY = "1,2";
				TEST_TARGET_NAME = Photoframe;
			};
			name = Release;
		};
/* End XCBuildConfiguration section */

/* Begin XCConfigurationList section */
		BDB5011A2886E292009F5ACF /* Build configuration list for PBXProject "Photoframe" */ = {
			isa = XCConfigurationList;
			buildConfigurations = (
				BDB501472886E293009F5ACF /* Debug */,
				BDB501482886E293009F5ACF /* Release */,
			);
			defaultConfigurationIsVisible = 0;
			defaultConfigurationName = Release;
		};
		BDB501492886E293009F5ACF /* Build configuration list for PBXNativeTarget "Photoframe" */ = {
			isa = XCConfigurationList;
			buildConfigurations = (
				BDB5014A2886E293009F5ACF /* Debug */,
				BDB5014B2886E293009F5ACF /* Release */,
			);
			defaultConfigurationIsVisible = 0;
			defaultConfigurationName = Release;
		};
		BDB5014C2886E293009F5ACF /* Build configuration list for PBXNativeTarget "PhotoframeTests" */ = {
			isa = XCConfigurationList;
			buildConfigurations = (
				BDB5014D2886E293009F5ACF /* Debug */,
				BDB5014E2886E293009F5ACF /* Release */,
			);
			defaultConfigurationIsVisible = 0;
			defaultConfigurationName = Release;
		};
		BDB5014F2886E293009F5ACF /* Build configuration list for PBXNativeTarget "PhotoframeUITests" */ = {
			isa = XCConfigurationList;
			buildConfigurations = (
				BDB501502886E293009F5ACF /* Debug */,
				BDB501512886E293009F5ACF /* Release */,
			);
			defaultConfigurationIsVisible = 0;
			defaultConfigurationName = Release;
		};
/* End XCConfigurationList section */
	};
	rootObject = BDB501172886E292009F5ACF /* Project object */;
}
